# This file is automatically @generated by Cargo.
# It is not intended for manual editing.
[[package]]
name = "ad"
version = "0.1.0"
dependencies = [
 "aljabar 0.3.2 (git+https://github.com/hovind/aljabar?branch=indexed_map)",
]

[[package]]
name = "aljabar"
version = "0.3.2"
source = "git+https://github.com/hovind/aljabar?branch=indexed_map#2fd54a8b2acdccbdff877b15aac71bb5c1714f6f"
dependencies = [
 "paste 0.1.6 (registry+https://github.com/rust-lang/crates.io-index)",
]

[[package]]
name = "paste"
version = "0.1.6"
source = "registry+https://github.com/rust-lang/crates.io-index"
dependencies = [
 "paste-impl 0.1.6 (registry+https://github.com/rust-lang/crates.io-index)",
 "proc-macro-hack 0.5.9 (registry+https://github.com/rust-lang/crates.io-index)",
]

[[package]]
name = "paste-impl"
version = "0.1.6"
source = "registry+https://github.com/rust-lang/crates.io-index"
dependencies = [
 "proc-macro-hack 0.5.9 (registry+https://github.com/rust-lang/crates.io-index)",
 "proc-macro2 1.0.1 (registry+https://github.com/rust-lang/crates.io-index)",
 "quote 1.0.2 (registry+https://github.com/rust-lang/crates.io-index)",
 "syn 1.0.3 (registry+https://github.com/rust-lang/crates.io-index)",
]

[[package]]
name = "proc-macro-hack"
version = "0.5.9"
source = "registry+https://github.com/rust-lang/crates.io-index"
dependencies = [
 "proc-macro2 1.0.1 (registry+https://github.com/rust-lang/crates.io-index)",
 "quote 1.0.2 (registry+https://github.com/rust-lang/crates.io-index)",
 "syn 1.0.3 (registry+https://github.com/rust-lang/crates.io-index)",
]

[[package]]
name = "proc-macro2"
version = "1.0.1"
source = "registry+https://github.com/rust-lang/crates.io-index"
dependencies = [
 "unicode-xid 0.2.0 (registry+https://github.com/rust-lang/crates.io-index)",
]

[[package]]
name = "quote"
version = "1.0.2"
source = "registry+https://github.com/rust-lang/crates.io-index"
dependencies = [
 "proc-macro2 1.0.1 (registry+https://github.com/rust-lang/crates.io-index)",
]

[[package]]
name = "syn"
version = "1.0.3"
source = "registry+https://github.com/rust-lang/crates.io-index"
dependencies = [
 "proc-macro2 1.0.1 (registry+https://github.com/rust-lang/crates.io-index)",
 "quote 1.0.2 (registry+https://github.com/rust-lang/crates.io-index)",
 "unicode-xid 0.2.0 (registry+https://github.com/rust-lang/crates.io-index)",
]

[[package]]
name = "unicode-xid"
version = "0.2.0"
source = "registry+https://github.com/rust-lang/crates.io-index"

[metadata]
"checksum aljabar 0.3.2 (git+https://github.com/hovind/aljabar?branch=indexed_map)" = "<none>"
"checksum paste 0.1.6 (registry+https://github.com/rust-lang/crates.io-index)" = "423a519e1c6e828f1e73b720f9d9ed2fa643dce8a7737fb43235ce0b41eeaa49"
"checksum paste-impl 0.1.6 (registry+https://github.com/rust-lang/crates.io-index)" = "4214c9e912ef61bf42b81ba9a47e8aad1b2ffaf739ab162bf96d1e011f54e6c5"
"checksum proc-macro-hack 0.5.9 (registry+https://github.com/rust-lang/crates.io-index)" = "e688f31d92ffd7c1ddc57a1b4e6d773c0f2a14ee437a4b0a4f5a69c80eb221c8"
"checksum proc-macro2 1.0.1 (registry+https://github.com/rust-lang/crates.io-index)" = "4c5c2380ae88876faae57698be9e9775e3544decad214599c3a6266cca6ac802"
"checksum quote 1.0.2 (registry+https://github.com/rust-lang/crates.io-index)" = "053a8c8bcc71fcce321828dc897a98ab9760bef03a4fc36693c231e5b3216cfe"
"checksum syn 1.0.3 (registry+https://github.com/rust-lang/crates.io-index)" = "158521e6f544e7e3dcfc370ac180794aa38cb34a1b1e07609376d4adcf429b93"
"checksum unicode-xid 0.2.0 (registry+https://github.com/rust-lang/crates.io-index)" = "826e7639553986605ec5979c7dd957c7895e93eabed50ab2ffa7f6128a75097c"
